
Microsoft Visual Studio Solution File, Format Version 12.00
# Visual Studio 2013
VisualStudioVersion = 12.0.31101.0
MinimumVisualStudioVersion = 10.0.40219.1
Project("{FAE04EC0-301F-11D3-BF4B-00C04F79EFBC}") = "DaveConverter.CommandLine", "DaveConverter.CommandLine\DaveConverter.CommandLine.csproj", "{2EC1411D-67E9-4DF6-8B65-8107CC61F21D}"
EndProject
Project("{FAE04EC0-301F-11D3-BF4B-00C04F79EFBC}") = "DaveConverter.Common", "DaveConverter.Common\DaveConverter.Common.csproj", "{EC81D449-029F-4750-B1D5-17181EC63378}"
EndProject
Global
	GlobalSection(SolutionConfigurationPlatforms) = preSolution
		Debug|Any CPU = Debug|Any CPU
		Release|Any CPU = Release|Any CPU
	EndGlobalSection
	GlobalSection(ProjectConfigurationPlatforms) = postSolution
		{2EC1411D-67E9-4DF6-8B65-8107CC61F21D}.Debug|Any CPU.ActiveCfg = Debug|Any CPU
		{2EC1411D-67E9-4DF6-8B65-8107CC61F21D}.Debug|Any CPU.Build.0 = Debug|Any CPU
		{2EC1411D-67E9-4DF6-8B65-8107CC61F21D}.Release|Any CPU.ActiveCfg = Release|Any CPU
		{2EC1411D-67E9-4DF6-8B65-8107CC61F21D}.Release|Any CPU.Build.0 = Release|Any CPU
		{EC81D449-029F-4750-B1D5-17181EC63378}.Debug|Any CPU.ActiveCfg = Debug|Any CPU
		{EC81D449-029F-4750-B1D5-17181EC63378}.Debug|Any CPU.Build.0 = Debug|Any CPU
		{EC81D449-029F-4750-B1D5-17181EC63378}.Release|Any CPU.ActiveCfg = Release|Any CPU
		{EC81D449-029F-4750-B1D5-17181EC63378}.Release|Any CPU.Build.0 = Release|Any CPU
	EndGlobalSection
	GlobalSection(SolutionProperties) = preSolution
		HideSolutionNode = FALSE
	EndGlobalSection
EndGlobal
